// !$*UTF8*$!
{
	archiveVersion = 1;
	classes = {
	};
	objectVersion = 46;
	objects = {

/* Begin PBXBuildFile section */
		13B07FBC1A68108700A75B9A /* AppDelegate.m in Sources */ = {isa = PBXBuildFile; fileRef = 13B07FB01A68108700A75B9A /* AppDelegate.m */; };
		13B07FBD1A68108700A75B9A /* LaunchScreen.xib in Resources */ = {isa = PBXBuildFile; fileRef = 13B07FB11A68108700A75B9A /* LaunchScreen.xib */; };
		13B07FBF1A68108700A75B9A /* Images.xcassets in Resources */ = {isa = PBXBuildFile; fileRef = 13B07FB51A68108700A75B9A /* Images.xcassets */; };
		13B07FC11A68108700A75B9A /* main.m in Sources */ = {isa = PBXBuildFile; fileRef = 13B07FB71A68108700A75B9A /* main.m */; };
		9328012D1D12865300A90AF1 /* libRCTActionSheet.a in Frameworks */ = {isa = PBXBuildFile; fileRef = 932800FC1D1285E400A90AF1 /* libRCTActionSheet.a */; };
		9328012E1D12865300A90AF1 /* libRCTGeolocation.a in Frameworks */ = {isa = PBXBuildFile; fileRef = 932801021D1285ED00A90AF1 /* libRCTGeolocation.a */; };
		9328012F1D12865300A90AF1 /* libRCTImage.a in Frameworks */ = {isa = PBXBuildFile; fileRef = 932801081D1285F200A90AF1 /* libRCTImage.a */; };
		932801301D12865300A90AF1 /* libRCTLinking.a in Frameworks */ = {isa = PBXBuildFile; fileRef = 9328010E1D1285F900A90AF1 /* libRCTLinking.a */; };
		932801311D12865300A90AF1 /* libRCTNetwork.a in Frameworks */ = {isa = PBXBuildFile; fileRef = 932801141D1285FE00A90AF1 /* libRCTNetwork.a */; };
		932801321D12865300A90AF1 /* libRCTSettings.a in Frameworks */ = {isa = PBXBuildFile; fileRef = 9328011A1D12860600A90AF1 /* libRCTSettings.a */; };
		932801331D12865300A90AF1 /* libRCTText.a in Frameworks */ = {isa = PBXBuildFile; fileRef = 932801201D12860D00A90AF1 /* libRCTText.a */; };
		932801341D12865300A90AF1 /* libRCTVibration.a in Frameworks */ = {isa = PBXBuildFile; fileRef = 932801261D12861300A90AF1 /* libRCTVibration.a */; };
		932801351D12865300A90AF1 /* libRCTWebSocket.a in Frameworks */ = {isa = PBXBuildFile; fileRef = 9328012C1D12861700A90AF1 /* libRCTWebSocket.a */; };
		932801361D12865300A90AF1 /* libReact.a in Frameworks */ = {isa = PBXBuildFile; fileRef = 932800F61D1285D000A90AF1 /* libReact.a */; };
		936A047B1D267BFB005EE7C1 /* libCodePush.a in Frameworks */ = {isa = PBXBuildFile; fileRef = 936A047A1D267BB0005EE7C1 /* libCodePush.a */; };
		936A047D1D267C03005EE7C1 /* libz.tbd in Frameworks */ = {isa = PBXBuildFile; fileRef = 936A047C1D267C03005EE7C1 /* libz.tbd */; };
		93735FCF1D44E0D700B29FD8 /* libRCTCameraRoll.a in Frameworks */ = {isa = PBXBuildFile; fileRef = 93BF62B91D44DF2400AFA3D0 /* libRCTCameraRoll.a */; };
		93ABB6081D2A301C00652A63 /* HomeViewController.m in Sources */ = {isa = PBXBuildFile; fileRef = 93ABB6071D2A301C00652A63 /* HomeViewController.m */; };
		93ABB6211D2A3DF100652A63 /* ScanViewController.m in Sources */ = {isa = PBXBuildFile; fileRef = 93ABB6201D2A3DF100652A63 /* ScanViewController.m */; };
		93ABB6241D2A3E2600652A63 /* ResultViewController.m in Sources */ = {isa = PBXBuildFile; fileRef = 93ABB6231D2A3E2600652A63 /* ResultViewController.m */; };
		93ABB6261D2A430B00652A63 /* AVFoundation.framework in Frameworks */ = {isa = PBXBuildFile; fileRef = 93ABB6251D2A430B00652A63 /* AVFoundation.framework */; };
/* End PBXBuildFile section */

/* Begin PBXContainerItemProxy section */
		932800F51D1285D000A90AF1 /* PBXContainerItemProxy */ = {
			isa = PBXContainerItemProxy;
			containerPortal = 932800F11D1285D000A90AF1 /* React.xcodeproj */;
			proxyType = 2;
			remoteGlobalIDString = 83CBBA2E1A601D0E00E9B192;
			remoteInfo = React;
		};
		932800FB1D1285E400A90AF1 /* PBXContainerItemProxy */ = {
			isa = PBXContainerItemProxy;
			containerPortal = 932800F71D1285E400A90AF1 /* RCTActionSheet.xcodeproj */;
			proxyType = 2;
			remoteGlobalIDString = 134814201AA4EA6300B7C361;
			remoteInfo = RCTActionSheet;
		};
		932801011D1285ED00A90AF1 /* PBXContainerItemProxy */ = {
			isa = PBXContainerItemProxy;
			containerPortal = 932800FD1D1285ED00A90AF1 /* RCTGeolocation.xcodeproj */;
			proxyType = 2;
			remoteGlobalIDString = 134814201AA4EA6300B7C361;
			remoteInfo = RCTGeolocation;
		};
		932801071D1285F200A90AF1 /* PBXContainerItemProxy */ = {
			isa = PBXContainerItemProxy;
			containerPortal = 932801031D1285F200A90AF1 /* RCTImage.xcodeproj */;
			proxyType = 2;
			remoteGlobalIDString = 58B5115D1A9E6B3D00147676;
			remoteInfo = RCTImage;
		};
		9328010D1D1285F900A90AF1 /* PBXContainerItemProxy */ = {
			isa = PBXContainerItemProxy;
			containerPortal = 932801091D1285F900A90AF1 /* RCTLinking.xcodeproj */;
			proxyType = 2;
			remoteGlobalIDString = 134814201AA4EA6300B7C361;
			remoteInfo = RCTLinking;
		};
		932801131D1285FE00A90AF1 /* PBXContainerItemProxy */ = {
			isa = PBXContainerItemProxy;
			containerPortal = 9328010F1D1285FE00A90AF1 /* RCTNetwork.xcodeproj */;
			proxyType = 2;
			remoteGlobalIDString = 58B511DB1A9E6C8500147676;
			remoteInfo = RCTNetwork;
		};
		932801191D12860600A90AF1 /* PBXContainerItemProxy */ = {
			isa = PBXContainerItemProxy;
			containerPortal = 932801151D12860600A90AF1 /* RCTSettings.xcodeproj */;
			proxyType = 2;
			remoteGlobalIDString = 134814201AA4EA6300B7C361;
			remoteInfo = RCTSettings;
		};
		9328011F1D12860D00A90AF1 /* PBXContainerItemProxy */ = {
			isa = PBXContainerItemProxy;
			containerPortal = 9328011B1D12860D00A90AF1 /* RCTText.xcodeproj */;
			proxyType = 2;
			remoteGlobalIDString = 58B5119B1A9E6C1200147676;
			remoteInfo = RCTText;
		};
		932801251D12861300A90AF1 /* PBXContainerItemProxy */ = {
			isa = PBXContainerItemProxy;
			containerPortal = 932801211D12861300A90AF1 /* RCTVibration.xcodeproj */;
			proxyType = 2;
			remoteGlobalIDString = 832C81801AAF6DEF007FA2F7;
			remoteInfo = RCTVibration;
		};
		9328012B1D12861700A90AF1 /* PBXContainerItemProxy */ = {
			isa = PBXContainerItemProxy;
			containerPortal = 932801271D12861700A90AF1 /* RCTWebSocket.xcodeproj */;
			proxyType = 2;
			remoteGlobalIDString = 3C86DF461ADF2C930047B81A;
			remoteInfo = RCTWebSocket;
		};
		936A04791D267BB0005EE7C1 /* PBXContainerItemProxy */ = {
			isa = PBXContainerItemProxy;
			containerPortal = 936A04751D267BB0005EE7C1 /* CodePush.xcodeproj */;
			proxyType = 2;
			remoteGlobalIDString = 134814201AA4EA6300B7C361;
			remoteInfo = CodePush;
		};
		93BF62B81D44DF2400AFA3D0 /* PBXContainerItemProxy */ = {
			isa = PBXContainerItemProxy;
			containerPortal = 93BF62B21D44DF2400AFA3D0 /* RCTCameraRoll.xcodeproj */;
			proxyType = 2;
			remoteGlobalIDString = 58B5115D1A9E6B3D00147676;
			remoteInfo = RCTCameraRoll;
		};
/* End PBXContainerItemProxy section */

/* Begin PBXFileReference section */
		13B07F961A680F5B00A75B9A /* antm.app */ = {isa = PBXFileReference; explicitFileType = wrapper.application; includeInIndex = 0; path = antm.app; sourceTree = BUILT_PRODUCTS_DIR; };
		13B07FAF1A68108700A75B9A /* AppDelegate.h */ = {isa = PBXFileReference; fileEncoding = 4; lastKnownFileType = sourcecode.c.h; name = AppDelegate.h; path = antm/AppDelegate.h; sourceTree = "<group>"; };
		13B07FB01A68108700A75B9A /* AppDelegate.m */ = {isa = PBXFileReference; fileEncoding = 4; lastKnownFileType = sourcecode.c.objc; name = AppDelegate.m; path = antm/AppDelegate.m; sourceTree = "<group>"; };
		13B07FB21A68108700A75B9A /* Base */ = {isa = PBXFileReference; lastKnownFileType = file.xib; name = Base; path = Base.lproj/LaunchScreen.xib; sourceTree = "<group>"; };
		13B07FB51A68108700A75B9A /* Images.xcassets */ = {isa = PBXFileReference; lastKnownFileType = folder.assetcatalog; name = Images.xcassets; path = antm/Images.xcassets; sourceTree = "<group>"; };
		13B07FB61A68108700A75B9A /* Info.plist */ = {isa = PBXFileReference; fileEncoding = 4; lastKnownFileType = text.plist.xml; name = Info.plist; path = antm/Info.plist; sourceTree = "<group>"; };
		13B07FB71A68108700A75B9A /* main.m */ = {isa = PBXFileReference; fileEncoding = 4; lastKnownFileType = sourcecode.c.objc; name = main.m; path = antm/main.m; sourceTree = "<group>"; };
		932800F11D1285D000A90AF1 /* React.xcodeproj */ = {isa = PBXFileReference; lastKnownFileType = "wrapper.pb-project"; name = React.xcodeproj; path = "../../node_modules/react-native/React/React.xcodeproj"; sourceTree = "<group>"; };
		932800F71D1285E400A90AF1 /* RCTActionSheet.xcodeproj */ = {isa = PBXFileReference; lastKnownFileType = "wrapper.pb-project"; name = RCTActionSheet.xcodeproj; path = "../../node_modules/react-native/Libraries/ActionSheetIOS/RCTActionSheet.xcodeproj"; sourceTree = "<group>"; };
		932800FD1D1285ED00A90AF1 /* RCTGeolocation.xcodeproj */ = {isa = PBXFileReference; lastKnownFileType = "wrapper.pb-project"; name = RCTGeolocation.xcodeproj; path = "../../node_modules/react-native/Libraries/Geolocation/RCTGeolocation.xcodeproj"; sourceTree = "<group>"; };
		932801031D1285F200A90AF1 /* RCTImage.xcodeproj */ = {isa = PBXFileReference; lastKnownFileType = "wrapper.pb-project"; name = RCTImage.xcodeproj; path = "../../node_modules/react-native/Libraries/Image/RCTImage.xcodeproj"; sourceTree = "<group>"; };
		932801091D1285F900A90AF1 /* RCTLinking.xcodeproj */ = {isa = PBXFileReference; lastKnownFileType = "wrapper.pb-project"; name = RCTLinking.xcodeproj; path = "../../node_modules/react-native/Libraries/LinkingIOS/RCTLinking.xcodeproj"; sourceTree = "<group>"; };
		9328010F1D1285FE00A90AF1 /* RCTNetwork.xcodeproj */ = {isa = PBXFileReference; lastKnownFileType = "wrapper.pb-project"; name = RCTNetwork.xcodeproj; path = "../../node_modules/react-native/Libraries/Network/RCTNetwork.xcodeproj"; sourceTree = "<group>"; };
		932801151D12860600A90AF1 /* RCTSettings.xcodeproj */ = {isa = PBXFileReference; lastKnownFileType = "wrapper.pb-project"; name = RCTSettings.xcodeproj; path = "../../node_modules/react-native/Libraries/Settings/RCTSettings.xcodeproj"; sourceTree = "<group>"; };
		9328011B1D12860D00A90AF1 /* RCTText.xcodeproj */ = {isa = PBXFileReference; lastKnownFileType = "wrapper.pb-project"; name = RCTText.xcodeproj; path = "../../node_modules/react-native/Libraries/Text/RCTText.xcodeproj"; sourceTree = "<group>"; };
		932801211D12861300A90AF1 /* RCTVibration.xcodeproj */ = {isa = PBXFileReference; lastKnownFileType = "wrapper.pb-project"; name = RCTVibration.xcodeproj; path = "../../node_modules/react-native/Libraries/Vibration/RCTVibration.xcodeproj"; sourceTree = "<group>"; };
		932801271D12861700A90AF1 /* RCTWebSocket.xcodeproj */ = {isa = PBXFileReference; lastKnownFileType = "wrapper.pb-project"; name = RCTWebSocket.xcodeproj; path = "../../node_modules/react-native/Libraries/WebSocket/RCTWebSocket.xcodeproj"; sourceTree = "<group>"; };
		936A04751D267BB0005EE7C1 /* CodePush.xcodeproj */ = {isa = PBXFileReference; lastKnownFileType = "wrapper.pb-project"; name = CodePush.xcodeproj; path = "../../node_modules/react-native-code-push/ios/CodePush.xcodeproj"; sourceTree = "<group>"; };
		936A047C1D267C03005EE7C1 /* libz.tbd */ = {isa = PBXFileReference; lastKnownFileType = "sourcecode.text-based-dylib-definition"; name = libz.tbd; path = usr/lib/libz.tbd; sourceTree = SDKROOT; };
		93ABB6061D2A301C00652A63 /* HomeViewController.h */ = {isa = PBXFileReference; fileEncoding = 4; lastKnownFileType = sourcecode.c.h; name = HomeViewController.h; path = antm/HomeViewController.h; sourceTree = "<group>"; };
		93ABB6071D2A301C00652A63 /* HomeViewController.m */ = {isa = PBXFileReference; fileEncoding = 4; lastKnownFileType = sourcecode.c.objc; name = HomeViewController.m; path = antm/HomeViewController.m; sourceTree = "<group>"; };
		93ABB61F1D2A3DF100652A63 /* ScanViewController.h */ = {isa = PBXFileReference; fileEncoding = 4; lastKnownFileType = sourcecode.c.h; name = ScanViewController.h; path = antm/ScanViewController.h; sourceTree = "<group>"; };
		93ABB6201D2A3DF100652A63 /* ScanViewController.m */ = {isa = PBXFileReference; fileEncoding = 4; lastKnownFileType = sourcecode.c.objc; name = ScanViewController.m; path = antm/ScanViewController.m; sourceTree = "<group>"; };
		93ABB6221D2A3E2600652A63 /* ResultViewController.h */ = {isa = PBXFileReference; fileEncoding = 4; lastKnownFileType = sourcecode.c.h; name = ResultViewController.h; path = antm/ResultViewController.h; sourceTree = "<group>"; };
		93ABB6231D2A3E2600652A63 /* ResultViewController.m */ = {isa = PBXFileReference; fileEncoding = 4; lastKnownFileType = sourcecode.c.objc; name = ResultViewController.m; path = antm/ResultViewController.m; sourceTree = "<group>"; };
		93ABB6251D2A430B00652A63 /* AVFoundation.framework */ = {isa = PBXFileReference; lastKnownFileType = wrapper.framework; name = AVFoundation.framework; path = System/Library/Frameworks/AVFoundation.framework; sourceTree = SDKROOT; };
		93BF62B21D44DF2400AFA3D0 /* RCTCameraRoll.xcodeproj */ = {isa = PBXFileReference; lastKnownFileType = "wrapper.pb-project"; name = RCTCameraRoll.xcodeproj; path = "../../node_modules/react-native/Libraries/CameraRoll/RCTCameraRoll.xcodeproj"; sourceTree = "<group>"; };
/* End PBXFileReference section */

/* Begin PBXFrameworksBuildPhase section */
		13B07F8C1A680F5B00A75B9A /* Frameworks */ = {
			isa = PBXFrameworksBuildPhase;
			buildActionMask = 2147483647;
			files = (
				93ABB6261D2A430B00652A63 /* AVFoundation.framework in Frameworks */,
				936A047D1D267C03005EE7C1 /* libz.tbd in Frameworks */,
				9328012D1D12865300A90AF1 /* libRCTActionSheet.a in Frameworks */,
				9328012E1D12865300A90AF1 /* libRCTGeolocation.a in Frameworks */,
				9328012F1D12865300A90AF1 /* libRCTImage.a in Frameworks */,
				932801301D12865300A90AF1 /* libRCTLinking.a in Frameworks */,
				932801311D12865300A90AF1 /* libRCTNetwork.a in Frameworks */,
				932801321D12865300A90AF1 /* libRCTSettings.a in Frameworks */,
				932801331D12865300A90AF1 /* libRCTText.a in Frameworks */,
				932801341D12865300A90AF1 /* libRCTVibration.a in Frameworks */,
				932801351D12865300A90AF1 /* libRCTWebSocket.a in Frameworks */,
				932801361D12865300A90AF1 /* libReact.a in Frameworks */,
				936A047B1D267BFB005EE7C1 /* libCodePush.a in Frameworks */,
				93735FCF1D44E0D700B29FD8 /* libRCTCameraRoll.a in Frameworks */,
			);
			runOnlyForDeploymentPostprocessing = 0;
		};
/* End PBXFrameworksBuildPhase section */

/* Begin PBXGroup section */
		13B07FAE1A68108700A75B9A /* antm */ = {
			isa = PBXGroup;
			children = (
				13B07FAF1A68108700A75B9A /* AppDelegate.h */,
				13B07FB01A68108700A75B9A /* AppDelegate.m */,
				13B07FB51A68108700A75B9A /* Images.xcassets */,
				13B07FB61A68108700A75B9A /* Info.plist */,
				13B07FB11A68108700A75B9A /* LaunchScreen.xib */,
				13B07FB71A68108700A75B9A /* main.m */,
				93ABB6061D2A301C00652A63 /* HomeViewController.h */,
				93ABB6071D2A301C00652A63 /* HomeViewController.m */,
				93ABB61F1D2A3DF100652A63 /* ScanViewController.h */,
				93ABB6201D2A3DF100652A63 /* ScanViewController.m */,
				93ABB6221D2A3E2600652A63 /* ResultViewController.h */,
				93ABB6231D2A3E2600652A63 /* ResultViewController.m */,
			);
			name = antm;
			sourceTree = "<group>";
		};
		832341AE1AAA6A7D00B99B32 /* Libraries */ = {
			isa = PBXGroup;
			children = (
				93BF62B21D44DF2400AFA3D0 /* RCTCameraRoll.xcodeproj */,
				936A04751D267BB0005EE7C1 /* CodePush.xcodeproj */,
				932800F11D1285D000A90AF1 /* React.xcodeproj */,
				932800F71D1285E400A90AF1 /* RCTActionSheet.xcodeproj */,
				932800FD1D1285ED00A90AF1 /* RCTGeolocation.xcodeproj */,
				932801031D1285F200A90AF1 /* RCTImage.xcodeproj */,
				932801091D1285F900A90AF1 /* RCTLinking.xcodeproj */,
				9328010F1D1285FE00A90AF1 /* RCTNetwork.xcodeproj */,
				932801151D12860600A90AF1 /* RCTSettings.xcodeproj */,
				9328011B1D12860D00A90AF1 /* RCTText.xcodeproj */,
				932801211D12861300A90AF1 /* RCTVibration.xcodeproj */,
				932801271D12861700A90AF1 /* RCTWebSocket.xcodeproj */,
			);
			name = Libraries;
			sourceTree = "<group>";
		};
		83CBB9F61A601CBA00E9B192 = {
			isa = PBXGroup;
			children = (
				93ABB6251D2A430B00652A63 /* AVFoundation.framework */,
				936A047C1D267C03005EE7C1 /* libz.tbd */,
				13B07FAE1A68108700A75B9A /* antm */,
				832341AE1AAA6A7D00B99B32 /* Libraries */,
				83CBBA001A601CBA00E9B192 /* Products */,
			);
			indentWidth = 2;
			sourceTree = "<group>";
			tabWidth = 2;
		};
		83CBBA001A601CBA00E9B192 /* Products */ = {
			isa = PBXGroup;
			children = (
				13B07F961A680F5B00A75B9A /* antm.app */,
			);
			name = Products;
			sourceTree = "<group>";
		};
		932800F21D1285D000A90AF1 /* Products */ = {
			isa = PBXGroup;
			children = (
				932800F61D1285D000A90AF1 /* libReact.a */,
			);
			name = Products;
			sourceTree = "<group>";
		};
		932800F81D1285E400A90AF1 /* Products */ = {
			isa = PBXGroup;
			children = (
				932800FC1D1285E400A90AF1 /* libRCTActionSheet.a */,
			);
			name = Products;
			sourceTree = "<group>";
		};
		932800FE1D1285ED00A90AF1 /* Products */ = {
			isa = PBXGroup;
			children = (
				932801021D1285ED00A90AF1 /* libRCTGeolocation.a */,
			);
			name = Products;
			sourceTree = "<group>";
		};
		932801041D1285F200A90AF1 /* Products */ = {
			isa = PBXGroup;
			children = (
				932801081D1285F200A90AF1 /* libRCTImage.a */,
			);
			name = Products;
			sourceTree = "<group>";
		};
		9328010A1D1285F900A90AF1 /* Products */ = {
			isa = PBXGroup;
			children = (
				9328010E1D1285F900A90AF1 /* libRCTLinking.a */,
			);
			name = Products;
			sourceTree = "<group>";
		};
		932801101D1285FE00A90AF1 /* Products */ = {
			isa = PBXGroup;
			children = (
				932801141D1285FE00A90AF1 /* libRCTNetwork.a */,
			);
			name = Products;
			sourceTree = "<group>";
		};
		932801161D12860600A90AF1 /* Products */ = {
			isa = PBXGroup;
			children = (
				9328011A1D12860600A90AF1 /* libRCTSettings.a */,
			);
			name = Products;
			sourceTree = "<group>";
		};
		9328011C1D12860D00A90AF1 /* Products */ = {
			isa = PBXGroup;
			children = (
				932801201D12860D00A90AF1 /* libRCTText.a */,
			);
			name = Products;
			sourceTree = "<group>";
		};
		932801221D12861300A90AF1 /* Products */ = {
			isa = PBXGroup;
			children = (
				932801261D12861300A90AF1 /* libRCTVibration.a */,
			);
			name = Products;
			sourceTree = "<group>";
		};
		932801281D12861700A90AF1 /* Products */ = {
			isa = PBXGroup;
			children = (
				9328012C1D12861700A90AF1 /* libRCTWebSocket.a */,
			);
			name = Products;
			sourceTree = "<group>";
		};
		936A04761D267BB0005EE7C1 /* Products */ = {
			isa = PBXGroup;
			children = (
				936A047A1D267BB0005EE7C1 /* libCodePush.a */,
			);
			name = Products;
			sourceTree = "<group>";
		};
		93BF62B31D44DF2400AFA3D0 /* Products */ = {
			isa = PBXGroup;
			children = (
				93BF62B91D44DF2400AFA3D0 /* libRCTCameraRoll.a */,
			);
			name = Products;
			sourceTree = "<group>";
		};
/* End PBXGroup section */

/* Begin PBXNativeTarget section */
		13B07F861A680F5B00A75B9A /* antm */ = {
			isa = PBXNativeTarget;
			buildConfigurationList = 13B07F931A680F5B00A75B9A /* Build configuration list for PBXNativeTarget "antm" */;
			buildPhases = (
				13B07F871A680F5B00A75B9A /* Sources */,
				13B07F8C1A680F5B00A75B9A /* Frameworks */,
				13B07F8E1A680F5B00A75B9A /* Resources */,
			);
			buildRules = (
			);
			dependencies = (
			);
			name = antm;
			productName = "Hello World";
			productReference = 13B07F961A680F5B00A75B9A /* antm.app */;
			productType = "com.apple.product-type.application";
		};
/* End PBXNativeTarget section */

/* Begin PBXProject section */
		83CBB9F71A601CBA00E9B192 /* Project object */ = {
			isa = PBXProject;
			attributes = {
				LastUpgradeCheck = 0730;
				ORGANIZATIONNAME = Facebook;
			};
			buildConfigurationList = 83CBB9FA1A601CBA00E9B192 /* Build configuration list for PBXProject "antm" */;
			compatibilityVersion = "Xcode 3.2";
			developmentRegion = English;
			hasScannedForEncodings = 0;
			knownRegions = (
				en,
				Base,
			);
			mainGroup = 83CBB9F61A601CBA00E9B192;
			productRefGroup = 83CBBA001A601CBA00E9B192 /* Products */;
			projectDirPath = "";
			projectReferences = (
				{
					ProductGroup = 936A04761D267BB0005EE7C1 /* Products */;
					ProjectRef = 936A04751D267BB0005EE7C1 /* CodePush.xcodeproj */;
				},
				{
					ProductGroup = 932800F81D1285E400A90AF1 /* Products */;
					ProjectRef = 932800F71D1285E400A90AF1 /* RCTActionSheet.xcodeproj */;
				},
				{
					ProductGroup = 93BF62B31D44DF2400AFA3D0 /* Products */;
					ProjectRef = 93BF62B21D44DF2400AFA3D0 /* RCTCameraRoll.xcodeproj */;
				},
				{
					ProductGroup = 932800FE1D1285ED00A90AF1 /* Products */;
					ProjectRef = 932800FD1D1285ED00A90AF1 /* RCTGeolocation.xcodeproj */;
				},
				{
					ProductGroup = 932801041D1285F200A90AF1 /* Products */;
					ProjectRef = 932801031D1285F200A90AF1 /* RCTImage.xcodeproj */;
				},
				{
					ProductGroup = 9328010A1D1285F900A90AF1 /* Products */;
					ProjectRef = 932801091D1285F900A90AF1 /* RCTLinking.xcodeproj */;
				},
				{
					ProductGroup = 932801101D1285FE00A90AF1 /* Products */;
					ProjectRef = 9328010F1D1285FE00A90AF1 /* RCTNetwork.xcodeproj */;
				},
				{
					ProductGroup = 932801161D12860600A90AF1 /* Products */;
					ProjectRef = 932801151D12860600A90AF1 /* RCTSettings.xcodeproj */;
				},
				{
					ProductGroup = 9328011C1D12860D00A90AF1 /* Products */;
					ProjectRef = 9328011B1D12860D00A90AF1 /* RCTText.xcodeproj */;
				},
				{
					ProductGroup = 932801221D12861300A90AF1 /* Products */;
					ProjectRef = 932801211D12861300A90AF1 /* RCTVibration.xcodeproj */;
				},
				{
					ProductGroup = 932801281D12861700A90AF1 /* Products */;
					ProjectRef = 932801271D12861700A90AF1 /* RCTWebSocket.xcodeproj */;
				},
				{
					ProductGroup = 932800F21D1285D000A90AF1 /* Products */;
					ProjectRef = 932800F11D1285D000A90AF1 /* React.xcodeproj */;
				},
			);
			projectRoot = "";
			targets = (
				13B07F861A680F5B00A75B9A /* antm */,
			);
		};
/* End PBXProject section */

/* Begin PBXReferenceProxy section */
		932800F61D1285D000A90AF1 /* libReact.a */ = {
			isa = PBXReferenceProxy;
			fileType = archive.ar;
			path = libReact.a;
			remoteRef = 932800F51D1285D000A90AF1 /* PBXContainerItemProxy */;
			sourceTree = BUILT_PRODUCTS_DIR;
		};
		932800FC1D1285E400A90AF1 /* libRCTActionSheet.a */ = {
			isa = PBXReferenceProxy;
			fileType = archive.ar;
			path = libRCTActionSheet.a;
			remoteRef = 932800FB1D1285E400A90AF1 /* PBXContainerItemProxy */;
			sourceTree = BUILT_PRODUCTS_DIR;
		};
		932801021D1285ED00A90AF1 /* libRCTGeolocation.a */ = {
			isa = PBXReferenceProxy;
			fileType = archive.ar;
			path = libRCTGeolocation.a;
			remoteRef = 932801011D1285ED00A90AF1 /* PBXContainerItemProxy */;
			sourceTree = BUILT_PRODUCTS_DIR;
		};
		932801081D1285F200A90AF1 /* libRCTImage.a */ = {
			isa = PBXReferenceProxy;
			fileType = archive.ar;
			path = libRCTImage.a;
			remoteRef = 932801071D1285F200A90AF1 /* PBXContainerItemProxy */;
			sourceTree = BUILT_PRODUCTS_DIR;
		};
		9328010E1D1285F900A90AF1 /* libRCTLinking.a */ = {
			isa = PBXReferenceProxy;
			fileType = archive.ar;
			path = libRCTLinking.a;
			remoteRef = 9328010D1D1285F900A90AF1 /* PBXContainerItemProxy */;
			sourceTree = BUILT_PRODUCTS_DIR;
		};
		932801141D1285FE00A90AF1 /* libRCTNetwork.a */ = {
			isa = PBXReferenceProxy;
			fileType = archive.ar;
			path = libRCTNetwork.a;
			remoteRef = 932801131D1285FE00A90AF1 /* PBXContainerItemProxy */;
			sourceTree = BUILT_PRODUCTS_DIR;
		};
		9328011A1D12860600A90AF1 /* libRCTSettings.a */ = {
			isa = PBXReferenceProxy;
			fileType = archive.ar;
			path = libRCTSettings.a;
			remoteRef = 932801191D12860600A90AF1 /* PBXContainerItemProxy */;
			sourceTree = BUILT_PRODUCTS_DIR;
		};
		932801201D12860D00A90AF1 /* libRCTText.a */ = {
			isa = PBXReferenceProxy;
			fileType = archive.ar;
			path = libRCTText.a;
			remoteRef = 9328011F1D12860D00A90AF1 /* PBXContainerItemProxy */;
			sourceTree = BUILT_PRODUCTS_DIR;
		};
		932801261D12861300A90AF1 /* libRCTVibration.a */ = {
			isa = PBXReferenceProxy;
			fileType = archive.ar;
			path = libRCTVibration.a;
			remoteRef = 932801251D12861300A90AF1 /* PBXContainerItemProxy */;
			sourceTree = BUILT_PRODUCTS_DIR;
		};
		9328012C1D12861700A90AF1 /* libRCTWebSocket.a */ = {
			isa = PBXReferenceProxy;
			fileType = archive.ar;
			path = libRCTWebSocket.a;
			remoteRef = 9328012B1D12861700A90AF1 /* PBXContainerItemProxy */;
			sourceTree = BUILT_PRODUCTS_DIR;
		};
		936A047A1D267BB0005EE7C1 /* libCodePush.a */ = {
			isa = PBXReferenceProxy;
			fileType = archive.ar;
			path = libCodePush.a;
			remoteRef = 936A04791D267BB0005EE7C1 /* PBXContainerItemProxy */;
			sourceTree = BUILT_PRODUCTS_DIR;
		};
		93BF62B91D44DF2400AFA3D0 /* libRCTCameraRoll.a */ = {
			isa = PBXReferenceProxy;
			fileType = archive.ar;
			path = libRCTCameraRoll.a;
			remoteRef = 93BF62B81D44DF2400AFA3D0 /* PBXContainerItemProxy */;
			sourceTree = BUILT_PRODUCTS_DIR;
		};
/* End PBXReferenceProxy section */

/* Begin PBXResourcesBuildPhase section */
		13B07F8E1A680F5B00A75B9A /* Resources */ = {
			isa = PBXResourcesBuildPhase;
			buildActionMask = 2147483647;
			files = (
				13B07FBF1A68108700A75B9A /* Images.xcassets in Resources */,
				13B07FBD1A68108700A75B9A /* LaunchScreen.xib in Resources */,
			);
			runOnlyForDeploymentPostprocessing = 0;
		};
/* End PBXResourcesBuildPhase section */

/* Begin PBXSourcesBuildPhase section */
		13B07F871A680F5B00A75B9A /* Sources */ = {
			isa = PBXSourcesBuildPhase;
			buildActionMask = 2147483647;
			files = (
				13B07FBC1A68108700A75B9A /* AppDelegate.m in Sources */,
				93ABB6211D2A3DF100652A63 /* ScanViewController.m in Sources */,
				13B07FC11A68108700A75B9A /* main.m in Sources */,
				93ABB6241D2A3E2600652A63 /* ResultViewController.m in Sources */,
				93ABB6081D2A301C00652A63 /* HomeViewController.m in Sources */,
			);
			runOnlyForDeploymentPostprocessing = 0;
		};
/* End PBXSourcesBuildPhase section */

/* Begin PBXVariantGroup section */
		13B07FB11A68108700A75B9A /* LaunchScreen.xib */ = {
			isa = PBXVariantGroup;
			children = (
				13B07FB21A68108700A75B9A /* Base */,
			);
			name = LaunchScreen.xib;
			path = antm;
			sourceTree = "<group>";
		};
/* End PBXVariantGroup section */

/* Begin XCBuildConfiguration section */
		13B07F941A680F5B00A75B9A /* Debug */ = {
			isa = XCBuildConfiguration;
			buildSettings = {
				ASSETCATALOG_COMPILER_APPICON_NAME = AppIcon;
				ASSETCATALOG_COMPILER_LAUNCHIMAGE_NAME = "Brand Assets";
				CODE_SIGN_IDENTITY = "iPhone Distribution";
				DEAD_CODE_STRIPPING = NO;
				FRAMEWORK_SEARCH_PATHS = (
					"$(inherited)",
					"$(PROJECT_DIR)",
				);
				HEADER_SEARCH_PATHS = (
					"$(inherited)",
					/Applications/Xcode.app/Contents/Developer/Toolchains/XcodeDefault.xctoolchain/usr/include,
					"$(SRCROOT)/../node_modules/react-native/React/**",
					"$(SRCROOT)/../../node_modules/react-native/React/**",
					"$(SRCROOT)/../../node_modules/react-native-code-push/**",
				);
				INFOPLIST_FILE = antm/Info.plist;
				LD_RUNPATH_SEARCH_PATHS = "$(inherited) @executable_path/Frameworks";
				OTHER_LDFLAGS = (
					"-ObjC",
					"-lc++",
				);
				PRODUCT_BUNDLE_IDENTIFIER = com.mybank.ios.RNPlayground;
				PRODUCT_NAME = antm;
				PROVISIONING_PROFILE = "a8097e9a-687b-42ee-9af9-826171343137";
			};
			name = Debug;
		};
		13B07F951A680F5B00A75B9A /* Release */ = {
			isa = XCBuildConfiguration;
			buildSettings = {
				ASSETCATALOG_COMPILER_APPICON_NAME = AppIcon;
				ASSETCATALOG_COMPILER_LAUNCHIMAGE_NAME = "Brand Assets";
				CODE_SIGN_IDENTITY = "iPhone Distribution";
				FRAMEWORK_SEARCH_PATHS = (
					"$(inherited)",
					"$(PROJECT_DIR)",
				);
				HEADER_SEARCH_PATHS = (
					"$(inherited)",
					/Applications/Xcode.app/Contents/Developer/Toolchains/XcodeDefault.xctoolchain/usr/include,
					"$(SRCROOT)/../node_modules/react-native/React/**",
					"$(SRCROOT)/../../node_modules/react-native/React/**",
					"$(SRCROOT)/../../node_modules/react-native-code-push/**",
				);
				INFOPLIST_FILE = antm/Info.plist;
				LD_RUNPATH_SEARCH_PATHS = "$(inherited) @executable_path/Frameworks";
				OTHER_LDFLAGS = (
					"-ObjC",
					"-lc++",
				);
				PRODUCT_BUNDLE_IDENTIFIER = com.mybank.ios.RNPlayground;
				PRODUCT_NAME = antm;
				PROVISIONING_PROFILE = "a8097e9a-687b-42ee-9af9-826171343137";
			};
			name = Release;
		};
		83CBBA201A601CBA00E9B192 /* Debug */ = {
			isa = XCBuildConfiguration;
			buildSettings = {
				ALWAYS_SEARCH_USER_PATHS = NO;
				CLANG_CXX_LANGUAGE_STANDARD = "gnu++0x";
				CLANG_CXX_LIBRARY = "libc++";
				CLANG_ENABLE_MODULES = YES;
				CLANG_ENABLE_OBJC_ARC = YES;
				CLANG_WARN_BOOL_CONVERSION = YES;
				CLANG_WARN_CONSTANT_CONVERSION = YES;
				CLANG_WARN_DIRECT_OBJC_ISA_USAGE = YES_ERROR;
				CLANG_WARN_EMPTY_BODY = YES;
				CLANG_WARN_ENUM_CONVERSION = YES;
				CLANG_WARN_INT_CONVERSION = YES;
				CLANG_WARN_OBJC_ROOT_CLASS = YES_ERROR;
				CLANG_WARN_UNREACHABLE_CODE = YES;
				CLANG_WARN__DUPLICATE_METHOD_MATCH = YES;
				"CODE_SIGN_IDENTITY[sdk=iphoneos*]" = "iPhone Developer";
				COPY_PHASE_STRIP = NO;
				ENABLE_STRICT_OBJC_MSGSEND = YES;
				ENABLE_TESTABILITY = YES;
				GCC_C_LANGUAGE_STANDARD = gnu99;
				GCC_DYNAMIC_NO_PIC = NO;
				GCC_OPTIMIZATION_LEVEL = 0;
				GCC_PREPROCESSOR_DEFINITIONS = (
					"DEBUG=1",
					"$(inherited)",
				);
				GCC_SYMBOLS_PRIVATE_EXTERN = NO;
				GCC_WARN_64_TO_32_BIT_CONVERSION = YES;
				GCC_WARN_ABOUT_RETURN_TYPE = YES_ERROR;
				GCC_WARN_UNDECLARED_SELECTOR = YES;
				GCC_WARN_UNINITIALIZED_AUTOS = YES_AGGRESSIVE;
				GCC_WARN_UNUSED_FUNCTION = YES;
				GCC_WARN_UNUSED_VARIABLE = YES;
				HEADER_SEARCH_PATHS = (
					"$(inherited)",
					/Applications/Xcode.app/Contents/Developer/Toolchains/XcodeDefault.xctoolchain/usr/include,
					"$(SRCROOT)/../node_modules/react-native/React/**",
				);
				IPHONEOS_DEPLOYMENT_TARGET = 7.0;
				MTL_ENABLE_DEBUG_INFO = YES;
				ONLY_ACTIVE_ARCH = YES;
				SDKROOT = iphoneos;
			};
			name = Debug;
		};
		83CBBA211A601CBA00E9B192 /* Release */ = {
			isa = XCBuildConfiguration;
			buildSettings = {
				ALWAYS_SEARCH_USER_PATHS = NO;
				CLANG_CXX_LANGUAGE_STANDARD = "gnu++0x";
				CLANG_CXX_LIBRARY = "libc++";
				CLANG_ENABLE_MODULES = YES;
				CLANG_ENABLE_OBJC_ARC = YES;
				CLANG_WARN_BOOL_CONVERSION = YES;
				CLANG_WARN_CONSTANT_CONVERSION = YES;
				CLANG_WARN_DIRECT_OBJC_ISA_USAGE = YES_ERROR;
				CLANG_WARN_EMPTY_BODY = YES;
				CLANG_WARN_ENUM_CONVERSION = YES;
				CLANG_WARN_INT_CONVERSION = YES;
				CLANG_WARN_OBJC_ROOT_CLASS = YES_ERROR;
				CLANG_WARN_UNREACHABLE_CODE = YES;
				CLANG_WARN__DUPLICATE_METHOD_MATCH = YES;
				"CODE_SIGN_IDENTITY[sdk=iphoneos*]" = "iPhone Developer";
				COPY_PHASE_STRIP = YES;
				ENABLE_NS_ASSERTIONS = NO;
				ENABLE_STRICT_OBJC_MSGSEND = YES;
				GCC_C_LANGUAGE_STANDARD = gnu99;
				GCC_WARN_64_TO_32_BIT_CONVERSION = YES;
				GCC_WARN_ABOUT_RETURN_TYPE = YES_ERROR;
				GCC_WARN_UNDECLARED_SELECTOR = YES;
				GCC_WARN_UNINITIALIZED_AUTOS = YES_AGGRESSIVE;
				GCC_WARN_UNUSED_FUNCTION = YES;
				GCC_WARN_UNUSED_VARIABLE = YES;
				HEADER_SEARCH_PATHS = (
					"$(inherited)",
					/Applications/Xcode.app/Contents/Developer/Toolchains/XcodeDefault.xctoolchain/usr/include,
					"$(SRCROOT)/../node_modules/react-native/React/**",
				);
				IPHONEOS_DEPLOYMENT_TARGET = 7.0;
				MTL_ENABLE_DEBUG_INFO = NO;
				SDKROOT = iphoneos;
				VALIDATE_PRODUCT = YES;
			};
			name = Release;
		};
/* End XCBuildConfiguration section */

/* Begin XCConfigurationList section */
		13B07F931A680F5B00A75B9A /* Build configuration list for PBXNativeTarget "antm" */ = {
			isa = XCConfigurationList;
			buildConfigurations = (
				13B07F941A680F5B00A75B9A /* Debug */,
				13B07F951A680F5B00A75B9A /* Release */,
			);
			defaultConfigurationIsVisible = 0;
			defaultConfigurationName = Release;
		};
		83CBB9FA1A601CBA00E9B192 /* Build configuration list for PBXProject "antm" */ = {
			isa = XCConfigurationList;
			buildConfigurations = (
				83CBBA201A601CBA00E9B192 /* Debug */,
				83CBBA211A601CBA00E9B192 /* Release */,
			);
			defaultConfigurationIsVisible = 0;
			defaultConfigurationName = Release;
		};
/* End XCConfigurationList section */
	};
	rootObject = 83CBB9F71A601CBA00E9B192 /* Project object */;
}
