// !$*UTF8*$!
{
	archiveVersion = 1;
	classes = {
	};
	objectVersion = 46;
	objects = {

/* Begin PBXBuildFile section */
		13B07FBC1A68108700A75B9A /* AppDelegate.m in Sources */ = {isa = PBXBuildFile; fileRef = 13B07FB01A68108700A75B9A /* AppDelegate.m */; };
		13B07FBD1A68108700A75B9A /* LaunchScreen.xib in Resources */ = {isa = PBXBuildFile; fileRef = 13B07FB11A68108700A75B9A /* LaunchScreen.xib */; };
		13B07FBF1A68108700A75B9A /* Images.xcassets in Resources */ = {isa = PBXBuildFile; fileRef = 13B07FB51A68108700A75B9A /* Images.xcassets */; };
		13B07FC11A68108700A75B9A /* main.m in Sources */ = {isa = PBXBuildFile; fileRef = 13B07FB71A68108700A75B9A /* main.m */; };
		932268C31DEEC0C90095E0B5 /* libReact.a in Frameworks */ = {isa = PBXBuildFile; fileRef = 932268BA1DEEC0B10095E0B5 /* libReact.a */; };
		932268C51DEEC0FC0095E0B5 /* HomeViewController.m in Sources */ = {isa = PBXBuildFile; fileRef = 932268C41DEEC0FC0095E0B5 /* HomeViewController.m */; };
		932268FA1DEEC3530095E0B5 /* libRCTAnimation.a in Frameworks */ = {isa = PBXBuildFile; fileRef = 932268E61DEEC3470095E0B5 /* libRCTAnimation.a */; };
		933D0F7C1DEEC5E2007FB649 /* libCodePush.a in Frameworks */ = {isa = PBXBuildFile; fileRef = 932268C21DEEC0BC0095E0B5 /* libCodePush.a */; };
		9356BB551DEEBD5E00E00E20 /* RNAppInfo.m in Sources */ = {isa = PBXBuildFile; fileRef = 9356BB541DEEBD5E00E00E20 /* RNAppInfo.m */; };
		9356BB5B1DEEBD6500E00E20 /* ResultViewController.m in Sources */ = {isa = PBXBuildFile; fileRef = 9356BB581DEEBD6500E00E20 /* ResultViewController.m */; };
		9356BB5C1DEEBD6500E00E20 /* ScanViewController.m in Sources */ = {isa = PBXBuildFile; fileRef = 9356BB5A1DEEBD6500E00E20 /* ScanViewController.m */; };
		9356BB5E1DEEBDD000E00E20 /* libRCTGeolocation.a in Frameworks */ = {isa = PBXBuildFile; fileRef = 9356BB181DEEBC4900E00E20 /* libRCTGeolocation.a */; };
		9356BB5F1DEEBDD600E00E20 /* libRCTImage.a in Frameworks */ = {isa = PBXBuildFile; fileRef = 9356BB101DEEBC3F00E00E20 /* libRCTImage.a */; };
		9356BB601DEEBDDC00E00E20 /* libRCTActionSheet.a in Frameworks */ = {isa = PBXBuildFile; fileRef = 9356BB091DEEBC1C00E00E20 /* libRCTActionSheet.a */; };
		9356BB611DEEBDE000E00E20 /* libRCTCameraRoll.a in Frameworks */ = {isa = PBXBuildFile; fileRef = 9356BB031DEEBC1200E00E20 /* libRCTCameraRoll.a */; };
		9356BB621DEEBDE500E00E20 /* libRCTLinking.a in Frameworks */ = {isa = PBXBuildFile; fileRef = 9356BAFB1DEEBC0800E00E20 /* libRCTLinking.a */; };
		9356BB631DEEBDEC00E00E20 /* libRCTNetwork.a in Frameworks */ = {isa = PBXBuildFile; fileRef = 9356BAF21DEEBBFB00E00E20 /* libRCTNetwork.a */; };
		9356BB641DEEBDF400E00E20 /* libRCTText.a in Frameworks */ = {isa = PBXBuildFile; fileRef = 9356BAE91DEEBBF000E00E20 /* libRCTText.a */; };
		9356BB651DEEBDFA00E00E20 /* libRCTSettings.a in Frameworks */ = {isa = PBXBuildFile; fileRef = 9356BAE01DEEBBE500E00E20 /* libRCTSettings.a */; };
		9356BB661DEEBDFE00E00E20 /* libRCTVibration.a in Frameworks */ = {isa = PBXBuildFile; fileRef = 9356BAD91DEEBBDA00E00E20 /* libRCTVibration.a */; };
		9356BB671DEEBE0C00E00E20 /* libRCTWebSocket.a in Frameworks */ = {isa = PBXBuildFile; fileRef = 9356BAD11DEEBBC900E00E20 /* libRCTWebSocket.a */; };
		9356BB6A1DEEBE1500E00E20 /* AVFoundation.framework in Frameworks */ = {isa = PBXBuildFile; fileRef = 9356BB691DEEBE1500E00E20 /* AVFoundation.framework */; };
		9356BB6C1DEEBE1D00E00E20 /* libz.tbd in Frameworks */ = {isa = PBXBuildFile; fileRef = 9356BB6B1DEEBE1D00E00E20 /* libz.tbd */; };
		93A3E9DF1E559595008622D3 /* iconfont.ttf in Resources */ = {isa = PBXBuildFile; fileRef = 93A3E9DE1E559595008622D3 /* iconfont.ttf */; };
/* End PBXBuildFile section */

/* Begin PBXContainerItemProxy section */
		932268B91DEEC0B10095E0B5 /* PBXContainerItemProxy */ = {
			isa = PBXContainerItemProxy;
			containerPortal = 932268B41DEEC0B10095E0B5 /* React.xcodeproj */;
			proxyType = 2;
			remoteGlobalIDString = 83CBBA2E1A601D0E00E9B192;
			remoteInfo = React;
		};
		932268BB1DEEC0B10095E0B5 /* PBXContainerItemProxy */ = {
			isa = PBXContainerItemProxy;
			containerPortal = 932268B41DEEC0B10095E0B5 /* React.xcodeproj */;
			proxyType = 2;
			remoteGlobalIDString = 2D2A28131D9B038B00D4039D;
			remoteInfo = "React-tvOS";
		};
		932268C11DEEC0BC0095E0B5 /* PBXContainerItemProxy */ = {
			isa = PBXContainerItemProxy;
			containerPortal = 932268BD1DEEC0BC0095E0B5 /* CodePush.xcodeproj */;
			proxyType = 2;
			remoteGlobalIDString = 134814201AA4EA6300B7C361;
			remoteInfo = CodePush;
		};
		932268E51DEEC3470095E0B5 /* PBXContainerItemProxy */ = {
			isa = PBXContainerItemProxy;
			containerPortal = 932268DE1DEEC3470095E0B5 /* RCTAnimation.xcodeproj */;
			proxyType = 2;
			remoteGlobalIDString = 134814201AA4EA6300B7C361;
			remoteInfo = RCTAnimation;
		};
		932268E71DEEC3470095E0B5 /* PBXContainerItemProxy */ = {
			isa = PBXContainerItemProxy;
			containerPortal = 932268DE1DEEC3470095E0B5 /* RCTAnimation.xcodeproj */;
			proxyType = 2;
			remoteGlobalIDString = 2D2A28201D9B03D100D4039D;
			remoteInfo = "RCTAnimation-tvOS";
		};
		9336DCE41EADE757002F61E4 /* PBXContainerItemProxy */ = {
			isa = PBXContainerItemProxy;
			containerPortal = 932268B41DEEC0B10095E0B5 /* React.xcodeproj */;
			proxyType = 2;
			remoteGlobalIDString = 3D3C059A1DE3340900C268FA;
			remoteInfo = yoga;
		};
		9336DCE61EADE757002F61E4 /* PBXContainerItemProxy */ = {
			isa = PBXContainerItemProxy;
			containerPortal = 932268B41DEEC0B10095E0B5 /* React.xcodeproj */;
			proxyType = 2;
			remoteGlobalIDString = 3D3C06751DE3340C00C268FA;
			remoteInfo = "yoga-tvOS";
		};
		9336DCE81EADE757002F61E4 /* PBXContainerItemProxy */ = {
			isa = PBXContainerItemProxy;
			containerPortal = 932268B41DEEC0B10095E0B5 /* React.xcodeproj */;
			proxyType = 2;
			remoteGlobalIDString = 3D3CD9251DE5FBEC00167DC4;
			remoteInfo = cxxreact;
		};
		9336DCEA1EADE757002F61E4 /* PBXContainerItemProxy */ = {
			isa = PBXContainerItemProxy;
			containerPortal = 932268B41DEEC0B10095E0B5 /* React.xcodeproj */;
			proxyType = 2;
			remoteGlobalIDString = 3D3CD9321DE5FBEE00167DC4;
			remoteInfo = "cxxreact-tvOS";
		};
		9336DCEC1EADE757002F61E4 /* PBXContainerItemProxy */ = {
			isa = PBXContainerItemProxy;
			containerPortal = 932268B41DEEC0B10095E0B5 /* React.xcodeproj */;
			proxyType = 2;
			remoteGlobalIDString = 3D3CD90B1DE5FBD600167DC4;
			remoteInfo = jschelpers;
		};
		9336DCEE1EADE757002F61E4 /* PBXContainerItemProxy */ = {
			isa = PBXContainerItemProxy;
			containerPortal = 932268B41DEEC0B10095E0B5 /* React.xcodeproj */;
			proxyType = 2;
			remoteGlobalIDString = 3D3CD9181DE5FBD800167DC4;
			remoteInfo = "jschelpers-tvOS";
		};
		9356BAD01DEEBBC900E00E20 /* PBXContainerItemProxy */ = {
			isa = PBXContainerItemProxy;
			containerPortal = 9356BACB1DEEBBC800E00E20 /* RCTWebSocket.xcodeproj */;
			proxyType = 2;
			remoteGlobalIDString = 3C86DF461ADF2C930047B81A;
			remoteInfo = RCTWebSocket;
		};
		9356BAD21DEEBBC900E00E20 /* PBXContainerItemProxy */ = {
			isa = PBXContainerItemProxy;
			containerPortal = 9356BACB1DEEBBC800E00E20 /* RCTWebSocket.xcodeproj */;
			proxyType = 2;
			remoteGlobalIDString = 2D2A28881D9B049200D4039D;
			remoteInfo = "RCTWebSocket-tvOS";
		};
		9356BAD81DEEBBDA00E00E20 /* PBXContainerItemProxy */ = {
			isa = PBXContainerItemProxy;
			containerPortal = 9356BAD41DEEBBDA00E00E20 /* RCTVibration.xcodeproj */;
			proxyType = 2;
			remoteGlobalIDString = 832C81801AAF6DEF007FA2F7;
			remoteInfo = RCTVibration;
		};
		9356BADF1DEEBBE500E00E20 /* PBXContainerItemProxy */ = {
			isa = PBXContainerItemProxy;
			containerPortal = 9356BADA1DEEBBE500E00E20 /* RCTSettings.xcodeproj */;
			proxyType = 2;
			remoteGlobalIDString = 134814201AA4EA6300B7C361;
			remoteInfo = RCTSettings;
		};
		9356BAE11DEEBBE500E00E20 /* PBXContainerItemProxy */ = {
			isa = PBXContainerItemProxy;
			containerPortal = 9356BADA1DEEBBE500E00E20 /* RCTSettings.xcodeproj */;
			proxyType = 2;
			remoteGlobalIDString = 2D2A28611D9B046600D4039D;
			remoteInfo = "RCTSettings-tvOS";
		};
		9356BAE81DEEBBF000E00E20 /* PBXContainerItemProxy */ = {
			isa = PBXContainerItemProxy;
			containerPortal = 9356BAE31DEEBBF000E00E20 /* RCTText.xcodeproj */;
			proxyType = 2;
			remoteGlobalIDString = 58B5119B1A9E6C1200147676;
			remoteInfo = RCTText;
		};
		9356BAEA1DEEBBF000E00E20 /* PBXContainerItemProxy */ = {
			isa = PBXContainerItemProxy;
			containerPortal = 9356BAE31DEEBBF000E00E20 /* RCTText.xcodeproj */;
			proxyType = 2;
			remoteGlobalIDString = 2D2A287B1D9B048500D4039D;
			remoteInfo = "RCTText-tvOS";
		};
		9356BAF11DEEBBFB00E00E20 /* PBXContainerItemProxy */ = {
			isa = PBXContainerItemProxy;
			containerPortal = 9356BAEC1DEEBBFB00E00E20 /* RCTNetwork.xcodeproj */;
			proxyType = 2;
			remoteGlobalIDString = 58B511DB1A9E6C8500147676;
			remoteInfo = RCTNetwork;
		};
		9356BAF31DEEBBFB00E00E20 /* PBXContainerItemProxy */ = {
			isa = PBXContainerItemProxy;
			containerPortal = 9356BAEC1DEEBBFB00E00E20 /* RCTNetwork.xcodeproj */;
			proxyType = 2;
			remoteGlobalIDString = 2D2A28541D9B044C00D4039D;
			remoteInfo = "RCTNetwork-tvOS";
		};
		9356BAFA1DEEBC0800E00E20 /* PBXContainerItemProxy */ = {
			isa = PBXContainerItemProxy;
			containerPortal = 9356BAF51DEEBC0800E00E20 /* RCTLinking.xcodeproj */;
			proxyType = 2;
			remoteGlobalIDString = 134814201AA4EA6300B7C361;
			remoteInfo = RCTLinking;
		};
		9356BAFC1DEEBC0800E00E20 /* PBXContainerItemProxy */ = {
			isa = PBXContainerItemProxy;
			containerPortal = 9356BAF51DEEBC0800E00E20 /* RCTLinking.xcodeproj */;
			proxyType = 2;
			remoteGlobalIDString = 2D2A28471D9B043800D4039D;
			remoteInfo = "RCTLinking-tvOS";
		};
		9356BB021DEEBC1200E00E20 /* PBXContainerItemProxy */ = {
			isa = PBXContainerItemProxy;
			containerPortal = 9356BAFE1DEEBC1200E00E20 /* RCTCameraRoll.xcodeproj */;
			proxyType = 2;
			remoteGlobalIDString = 58B5115D1A9E6B3D00147676;
			remoteInfo = RCTCameraRoll;
		};
		9356BB081DEEBC1C00E00E20 /* PBXContainerItemProxy */ = {
			isa = PBXContainerItemProxy;
			containerPortal = 9356BB041DEEBC1C00E00E20 /* RCTActionSheet.xcodeproj */;
			proxyType = 2;
			remoteGlobalIDString = 134814201AA4EA6300B7C361;
			remoteInfo = RCTActionSheet;
		};
		9356BB0F1DEEBC3F00E00E20 /* PBXContainerItemProxy */ = {
			isa = PBXContainerItemProxy;
			containerPortal = 9356BB0A1DEEBC3F00E00E20 /* RCTImage.xcodeproj */;
			proxyType = 2;
			remoteGlobalIDString = 58B5115D1A9E6B3D00147676;
			remoteInfo = RCTImage;
		};
		9356BB111DEEBC3F00E00E20 /* PBXContainerItemProxy */ = {
			isa = PBXContainerItemProxy;
			containerPortal = 9356BB0A1DEEBC3F00E00E20 /* RCTImage.xcodeproj */;
			proxyType = 2;
			remoteGlobalIDString = 2D2A283A1D9B042B00D4039D;
			remoteInfo = "RCTImage-tvOS";
		};
		9356BB171DEEBC4900E00E20 /* PBXContainerItemProxy */ = {
			isa = PBXContainerItemProxy;
			containerPortal = 9356BB131DEEBC4900E00E20 /* RCTGeolocation.xcodeproj */;
			proxyType = 2;
			remoteGlobalIDString = 134814201AA4EA6300B7C361;
			remoteInfo = RCTGeolocation;
		};
/* End PBXContainerItemProxy section */

/* Begin PBXFileReference section */
		13B07F961A680F5B00A75B9A /* antd-mobile.app */ = {isa = PBXFileReference; explicitFileType = wrapper.application; includeInIndex = 0; path = "antd-mobile.app"; sourceTree = BUILT_PRODUCTS_DIR; };
		13B07FAF1A68108700A75B9A /* AppDelegate.h */ = {isa = PBXFileReference; fileEncoding = 4; lastKnownFileType = sourcecode.c.h; name = AppDelegate.h; path = "antd-mobile/AppDelegate.h"; sourceTree = "<group>"; };
		13B07FB01A68108700A75B9A /* AppDelegate.m */ = {isa = PBXFileReference; fileEncoding = 4; lastKnownFileType = sourcecode.c.objc; name = AppDelegate.m; path = "antd-mobile/AppDelegate.m"; sourceTree = "<group>"; };
		13B07FB21A68108700A75B9A /* Base */ = {isa = PBXFileReference; lastKnownFileType = file.xib; name = Base; path = Base.lproj/LaunchScreen.xib; sourceTree = "<group>"; };
		13B07FB51A68108700A75B9A /* Images.xcassets */ = {isa = PBXFileReference; lastKnownFileType = folder.assetcatalog; name = Images.xcassets; path = "antd-mobile/Images.xcassets"; sourceTree = "<group>"; };
		13B07FB61A68108700A75B9A /* Info.plist */ = {isa = PBXFileReference; fileEncoding = 4; lastKnownFileType = text.plist.xml; name = Info.plist; path = "antd-mobile/Info.plist"; sourceTree = "<group>"; };
		13B07FB71A68108700A75B9A /* main.m */ = {isa = PBXFileReference; fileEncoding = 4; lastKnownFileType = sourcecode.c.objc; name = main.m; path = "antd-mobile/main.m"; sourceTree = "<group>"; };
		932268B41DEEC0B10095E0B5 /* React.xcodeproj */ = {isa = PBXFileReference; lastKnownFileType = "wrapper.pb-project"; name = React.xcodeproj; path = "../../node_modules/react-native/React/React.xcodeproj"; sourceTree = "<group>"; };
		932268BD1DEEC0BC0095E0B5 /* CodePush.xcodeproj */ = {isa = PBXFileReference; lastKnownFileType = "wrapper.pb-project"; name = CodePush.xcodeproj; path = "../../node_modules/react-native-code-push/ios/CodePush.xcodeproj"; sourceTree = "<group>"; };
		932268C41DEEC0FC0095E0B5 /* HomeViewController.m */ = {isa = PBXFileReference; fileEncoding = 4; lastKnownFileType = sourcecode.c.objc; name = HomeViewController.m; path = "antd-mobile/HomeViewController.m"; sourceTree = "<group>"; };
		932268DE1DEEC3470095E0B5 /* RCTAnimation.xcodeproj */ = {isa = PBXFileReference; lastKnownFileType = "wrapper.pb-project"; name = RCTAnimation.xcodeproj; path = "../../node_modules/react-native/Libraries/NativeAnimation/RCTAnimation.xcodeproj"; sourceTree = "<group>"; };
		9356BACB1DEEBBC800E00E20 /* RCTWebSocket.xcodeproj */ = {isa = PBXFileReference; lastKnownFileType = "wrapper.pb-project"; name = RCTWebSocket.xcodeproj; path = "../../node_modules/react-native/Libraries/WebSocket/RCTWebSocket.xcodeproj"; sourceTree = "<group>"; };
		9356BAD41DEEBBDA00E00E20 /* RCTVibration.xcodeproj */ = {isa = PBXFileReference; lastKnownFileType = "wrapper.pb-project"; name = RCTVibration.xcodeproj; path = "../../node_modules/react-native/Libraries/Vibration/RCTVibration.xcodeproj"; sourceTree = "<group>"; };
		9356BADA1DEEBBE500E00E20 /* RCTSettings.xcodeproj */ = {isa = PBXFileReference; lastKnownFileType = "wrapper.pb-project"; name = RCTSettings.xcodeproj; path = "../../node_modules/react-native/Libraries/Settings/RCTSettings.xcodeproj"; sourceTree = "<group>"; };
		9356BAE31DEEBBF000E00E20 /* RCTText.xcodeproj */ = {isa = PBXFileReference; lastKnownFileType = "wrapper.pb-project"; name = RCTText.xcodeproj; path = "../../node_modules/react-native/Libraries/Text/RCTText.xcodeproj"; sourceTree = "<group>"; };
		9356BAEC1DEEBBFB00E00E20 /* RCTNetwork.xcodeproj */ = {isa = PBXFileReference; lastKnownFileType = "wrapper.pb-project"; name = RCTNetwork.xcodeproj; path = "../../node_modules/react-native/Libraries/Network/RCTNetwork.xcodeproj"; sourceTree = "<group>"; };
		9356BAF51DEEBC0800E00E20 /* RCTLinking.xcodeproj */ = {isa = PBXFileReference; lastKnownFileType = "wrapper.pb-project"; name = RCTLinking.xcodeproj; path = "../../node_modules/react-native/Libraries/LinkingIOS/RCTLinking.xcodeproj"; sourceTree = "<group>"; };
		9356BAFE1DEEBC1200E00E20 /* RCTCameraRoll.xcodeproj */ = {isa = PBXFileReference; lastKnownFileType = "wrapper.pb-project"; name = RCTCameraRoll.xcodeproj; path = "../../node_modules/react-native/Libraries/CameraRoll/RCTCameraRoll.xcodeproj"; sourceTree = "<group>"; };
		9356BB041DEEBC1C00E00E20 /* RCTActionSheet.xcodeproj */ = {isa = PBXFileReference; lastKnownFileType = "wrapper.pb-project"; name = RCTActionSheet.xcodeproj; path = "../../node_modules/react-native/Libraries/ActionSheetIOS/RCTActionSheet.xcodeproj"; sourceTree = "<group>"; };
		9356BB0A1DEEBC3F00E00E20 /* RCTImage.xcodeproj */ = {isa = PBXFileReference; lastKnownFileType = "wrapper.pb-project"; name = RCTImage.xcodeproj; path = "../../node_modules/react-native/Libraries/Image/RCTImage.xcodeproj"; sourceTree = "<group>"; };
		9356BB131DEEBC4900E00E20 /* RCTGeolocation.xcodeproj */ = {isa = PBXFileReference; lastKnownFileType = "wrapper.pb-project"; name = RCTGeolocation.xcodeproj; path = "../../node_modules/react-native/Libraries/Geolocation/RCTGeolocation.xcodeproj"; sourceTree = "<group>"; };
		9356BB531DEEBD5E00E00E20 /* RNAppInfo.h */ = {isa = PBXFileReference; fileEncoding = 4; lastKnownFileType = sourcecode.c.h; name = RNAppInfo.h; path = "antd-mobile/RNAppInfo.h"; sourceTree = "<group>"; };
		9356BB541DEEBD5E00E00E20 /* RNAppInfo.m */ = {isa = PBXFileReference; fileEncoding = 4; lastKnownFileType = sourcecode.c.objc; name = RNAppInfo.m; path = "antd-mobile/RNAppInfo.m"; sourceTree = "<group>"; };
		9356BB561DEEBD6500E00E20 /* HomeViewController.h */ = {isa = PBXFileReference; fileEncoding = 4; lastKnownFileType = sourcecode.c.h; name = HomeViewController.h; path = "antd-mobile/HomeViewController.h"; sourceTree = "<group>"; };
		9356BB571DEEBD6500E00E20 /* ResultViewController.h */ = {isa = PBXFileReference; fileEncoding = 4; lastKnownFileType = sourcecode.c.h; name = ResultViewController.h; path = "antd-mobile/ResultViewController.h"; sourceTree = "<group>"; };
		9356BB581DEEBD6500E00E20 /* ResultViewController.m */ = {isa = PBXFileReference; fileEncoding = 4; lastKnownFileType = sourcecode.c.objc; name = ResultViewController.m; path = "antd-mobile/ResultViewController.m"; sourceTree = "<group>"; };
		9356BB591DEEBD6500E00E20 /* ScanViewController.h */ = {isa = PBXFileReference; fileEncoding = 4; lastKnownFileType = sourcecode.c.h; name = ScanViewController.h; path = "antd-mobile/ScanViewController.h"; sourceTree = "<group>"; };
		9356BB5A1DEEBD6500E00E20 /* ScanViewController.m */ = {isa = PBXFileReference; fileEncoding = 4; lastKnownFileType = sourcecode.c.objc; name = ScanViewController.m; path = "antd-mobile/ScanViewController.m"; sourceTree = "<group>"; };
		9356BB691DEEBE1500E00E20 /* AVFoundation.framework */ = {isa = PBXFileReference; lastKnownFileType = wrapper.framework; name = AVFoundation.framework; path = System/Library/Frameworks/AVFoundation.framework; sourceTree = SDKROOT; };
		9356BB6B1DEEBE1D00E00E20 /* libz.tbd */ = {isa = PBXFileReference; lastKnownFileType = "sourcecode.text-based-dylib-definition"; name = libz.tbd; path = usr/lib/libz.tbd; sourceTree = SDKROOT; };
		93A3E9DE1E559595008622D3 /* iconfont.ttf */ = {isa = PBXFileReference; lastKnownFileType = file; name = iconfont.ttf; path = "antd-mobile/iconfont.ttf"; sourceTree = "<group>"; };
/* End PBXFileReference section */

/* Begin PBXFrameworksBuildPhase section */
		13B07F8C1A680F5B00A75B9A /* Frameworks */ = {
			isa = PBXFrameworksBuildPhase;
			buildActionMask = 2147483647;
			files = (
				9356BB6C1DEEBE1D00E00E20 /* libz.tbd in Frameworks */,
				9356BB6A1DEEBE1500E00E20 /* AVFoundation.framework in Frameworks */,
				9356BB671DEEBE0C00E00E20 /* libRCTWebSocket.a in Frameworks */,
				9356BB661DEEBDFE00E00E20 /* libRCTVibration.a in Frameworks */,
				9356BB621DEEBDE500E00E20 /* libRCTLinking.a in Frameworks */,
				9356BB611DEEBDE000E00E20 /* libRCTCameraRoll.a in Frameworks */,
				9356BB601DEEBDDC00E00E20 /* libRCTActionSheet.a in Frameworks */,
				9356BB5E1DEEBDD000E00E20 /* libRCTGeolocation.a in Frameworks */,
				9356BB5F1DEEBDD600E00E20 /* libRCTImage.a in Frameworks */,
				9356BB641DEEBDF400E00E20 /* libRCTText.a in Frameworks */,
				9356BB651DEEBDFA00E00E20 /* libRCTSettings.a in Frameworks */,
				932268C31DEEC0C90095E0B5 /* libReact.a in Frameworks */,
				933D0F7C1DEEC5E2007FB649 /* libCodePush.a in Frameworks */,
				932268FA1DEEC3530095E0B5 /* libRCTAnimation.a in Frameworks */,
				9356BB631DEEBDEC00E00E20 /* libRCTNetwork.a in Frameworks */,
			);
			runOnlyForDeploymentPostprocessing = 0;
		};
/* End PBXFrameworksBuildPhase section */

/* Begin PBXGroup section */
		13B07FAE1A68108700A75B9A /* antd-mobile */ = {
			isa = PBXGroup;
			children = (
				932268C41DEEC0FC0095E0B5 /* HomeViewController.m */,
				9356BB561DEEBD6500E00E20 /* HomeViewController.h */,
				9356BB571DEEBD6500E00E20 /* ResultViewController.h */,
				9356BB581DEEBD6500E00E20 /* ResultViewController.m */,
				9356BB591DEEBD6500E00E20 /* ScanViewController.h */,
				9356BB5A1DEEBD6500E00E20 /* ScanViewController.m */,
				13B07FAF1A68108700A75B9A /* AppDelegate.h */,
				13B07FB01A68108700A75B9A /* AppDelegate.m */,
				13B07FB51A68108700A75B9A /* Images.xcassets */,
				13B07FB61A68108700A75B9A /* Info.plist */,
				13B07FB11A68108700A75B9A /* LaunchScreen.xib */,
				13B07FB71A68108700A75B9A /* main.m */,
			);
			name = "antd-mobile";
			sourceTree = "<group>";
		};
		832341AE1AAA6A7D00B99B32 /* Libraries */ = {
			isa = PBXGroup;
			children = (
				932268DE1DEEC3470095E0B5 /* RCTAnimation.xcodeproj */,
				932268BD1DEEC0BC0095E0B5 /* CodePush.xcodeproj */,
				932268B41DEEC0B10095E0B5 /* React.xcodeproj */,
				9356BB131DEEBC4900E00E20 /* RCTGeolocation.xcodeproj */,
				9356BB0A1DEEBC3F00E00E20 /* RCTImage.xcodeproj */,
				9356BB041DEEBC1C00E00E20 /* RCTActionSheet.xcodeproj */,
				9356BAFE1DEEBC1200E00E20 /* RCTCameraRoll.xcodeproj */,
				9356BAF51DEEBC0800E00E20 /* RCTLinking.xcodeproj */,
				9356BAEC1DEEBBFB00E00E20 /* RCTNetwork.xcodeproj */,
				9356BAE31DEEBBF000E00E20 /* RCTText.xcodeproj */,
				9356BADA1DEEBBE500E00E20 /* RCTSettings.xcodeproj */,
				9356BAD41DEEBBDA00E00E20 /* RCTVibration.xcodeproj */,
				9356BACB1DEEBBC800E00E20 /* RCTWebSocket.xcodeproj */,
			);
			name = Libraries;
			sourceTree = "<group>";
		};
		83CBB9F61A601CBA00E9B192 = {
			isa = PBXGroup;
			children = (
				93A3E9DE1E559595008622D3 /* iconfont.ttf */,
				9356BB531DEEBD5E00E00E20 /* RNAppInfo.h */,
				9356BB541DEEBD5E00E00E20 /* RNAppInfo.m */,
				13B07FAE1A68108700A75B9A /* antd-mobile */,
				832341AE1AAA6A7D00B99B32 /* Libraries */,
				83CBBA001A601CBA00E9B192 /* Products */,
				9356BB681DEEBE1500E00E20 /* Frameworks */,
			);
			indentWidth = 2;
			sourceTree = "<group>";
			tabWidth = 2;
		};
		83CBBA001A601CBA00E9B192 /* Products */ = {
			isa = PBXGroup;
			children = (
				13B07F961A680F5B00A75B9A /* antd-mobile.app */,
			);
			name = Products;
			sourceTree = "<group>";
		};
		932268B51DEEC0B10095E0B5 /* Products */ = {
			isa = PBXGroup;
			children = (
				932268BA1DEEC0B10095E0B5 /* libReact.a */,
				932268BC1DEEC0B10095E0B5 /* libReact.a */,
				9336DCE51EADE757002F61E4 /* libyoga.a */,
				9336DCE71EADE757002F61E4 /* libyoga.a */,
				9336DCE91EADE757002F61E4 /* libcxxreact.a */,
				9336DCEB1EADE757002F61E4 /* libcxxreact.a */,
				9336DCED1EADE757002F61E4 /* libjschelpers.a */,
				9336DCEF1EADE757002F61E4 /* libjschelpers.a */,
			);
			name = Products;
			sourceTree = "<group>";
		};
		932268BE1DEEC0BC0095E0B5 /* Products */ = {
			isa = PBXGroup;
			children = (
				932268C21DEEC0BC0095E0B5 /* libCodePush.a */,
			);
			name = Products;
			sourceTree = "<group>";
		};
		932268DF1DEEC3470095E0B5 /* Products */ = {
			isa = PBXGroup;
			children = (
				932268E61DEEC3470095E0B5 /* libRCTAnimation.a */,
				932268E81DEEC3470095E0B5 /* libRCTAnimation-tvOS.a */,
			);
			name = Products;
			sourceTree = "<group>";
		};
		9356BACC1DEEBBC800E00E20 /* Products */ = {
			isa = PBXGroup;
			children = (
				9356BAD11DEEBBC900E00E20 /* libRCTWebSocket.a */,
				9356BAD31DEEBBC900E00E20 /* libRCTWebSocket-tvOS.a */,
			);
			name = Products;
			sourceTree = "<group>";
		};
		9356BAD51DEEBBDA00E00E20 /* Products */ = {
			isa = PBXGroup;
			children = (
				9356BAD91DEEBBDA00E00E20 /* libRCTVibration.a */,
			);
			name = Products;
			sourceTree = "<group>";
		};
		9356BADB1DEEBBE500E00E20 /* Products */ = {
			isa = PBXGroup;
			children = (
				9356BAE01DEEBBE500E00E20 /* libRCTSettings.a */,
				9356BAE21DEEBBE500E00E20 /* libRCTSettings-tvOS.a */,
			);
			name = Products;
			sourceTree = "<group>";
		};
		9356BAE41DEEBBF000E00E20 /* Products */ = {
			isa = PBXGroup;
			children = (
				9356BAE91DEEBBF000E00E20 /* libRCTText.a */,
				9356BAEB1DEEBBF000E00E20 /* libRCTText-tvOS.a */,
			);
			name = Products;
			sourceTree = "<group>";
		};
		9356BAED1DEEBBFB00E00E20 /* Products */ = {
			isa = PBXGroup;
			children = (
				9356BAF21DEEBBFB00E00E20 /* libRCTNetwork.a */,
				9356BAF41DEEBBFB00E00E20 /* libRCTNetwork-tvOS.a */,
			);
			name = Products;
			sourceTree = "<group>";
		};
		9356BAF61DEEBC0800E00E20 /* Products */ = {
			isa = PBXGroup;
			children = (
				9356BAFB1DEEBC0800E00E20 /* libRCTLinking.a */,
				9356BAFD1DEEBC0800E00E20 /* libRCTLinking-tvOS.a */,
			);
			name = Products;
			sourceTree = "<group>";
		};
		9356BAFF1DEEBC1200E00E20 /* Products */ = {
			isa = PBXGroup;
			children = (
				9356BB031DEEBC1200E00E20 /* libRCTCameraRoll.a */,
			);
			name = Products;
			sourceTree = "<group>";
		};
		9356BB051DEEBC1C00E00E20 /* Products */ = {
			isa = PBXGroup;
			children = (
				9356BB091DEEBC1C00E00E20 /* libRCTActionSheet.a */,
			);
			name = Products;
			sourceTree = "<group>";
		};
		9356BB0B1DEEBC3F00E00E20 /* Products */ = {
			isa = PBXGroup;
			children = (
				9356BB101DEEBC3F00E00E20 /* libRCTImage.a */,
				9356BB121DEEBC3F00E00E20 /* libRCTImage-tvOS.a */,
			);
			name = Products;
			sourceTree = "<group>";
		};
		9356BB141DEEBC4900E00E20 /* Products */ = {
			isa = PBXGroup;
			children = (
				9356BB181DEEBC4900E00E20 /* libRCTGeolocation.a */,
			);
			name = Products;
			sourceTree = "<group>";
		};
		9356BB681DEEBE1500E00E20 /* Frameworks */ = {
			isa = PBXGroup;
			children = (
				9356BB6B1DEEBE1D00E00E20 /* libz.tbd */,
				9356BB691DEEBE1500E00E20 /* AVFoundation.framework */,
			);
			name = Frameworks;
			sourceTree = "<group>";
		};
/* End PBXGroup section */

/* Begin PBXNativeTarget section */
		13B07F861A680F5B00A75B9A /* antd-mobile */ = {
			isa = PBXNativeTarget;
			buildConfigurationList = 13B07F931A680F5B00A75B9A /* Build configuration list for PBXNativeTarget "antd-mobile" */;
			buildPhases = (
				13B07F871A680F5B00A75B9A /* Sources */,
				13B07F8C1A680F5B00A75B9A /* Frameworks */,
				13B07F8E1A680F5B00A75B9A /* Resources */,
			);
			buildRules = (
			);
			dependencies = (
			);
			name = "antd-mobile";
			productName = "Hello World";
			productReference = 13B07F961A680F5B00A75B9A /* antd-mobile.app */;
			productType = "com.apple.product-type.application";
		};
/* End PBXNativeTarget section */

/* Begin PBXProject section */
		83CBB9F71A601CBA00E9B192 /* Project object */ = {
			isa = PBXProject;
			attributes = {
				LastUpgradeCheck = 0610;
				ORGANIZATIONNAME = Facebook;
				TargetAttributes = {
					13B07F861A680F5B00A75B9A = {
						DevelopmentTeam = FZ332UUAVD;
					};
				};
			};
			buildConfigurationList = 83CBB9FA1A601CBA00E9B192 /* Build configuration list for PBXProject "antd-mobile" */;
			compatibilityVersion = "Xcode 3.2";
			developmentRegion = English;
			hasScannedForEncodings = 0;
			knownRegions = (
				en,
				Base,
			);
			mainGroup = 83CBB9F61A601CBA00E9B192;
			productRefGroup = 83CBBA001A601CBA00E9B192 /* Products */;
			projectDirPath = "";
			projectReferences = (
				{
					ProductGroup = 932268BE1DEEC0BC0095E0B5 /* Products */;
					ProjectRef = 932268BD1DEEC0BC0095E0B5 /* CodePush.xcodeproj */;
				},
				{
					ProductGroup = 9356BB051DEEBC1C00E00E20 /* Products */;
					ProjectRef = 9356BB041DEEBC1C00E00E20 /* RCTActionSheet.xcodeproj */;
				},
				{
					ProductGroup = 932268DF1DEEC3470095E0B5 /* Products */;
					ProjectRef = 932268DE1DEEC3470095E0B5 /* RCTAnimation.xcodeproj */;
				},
				{
					ProductGroup = 9356BAFF1DEEBC1200E00E20 /* Products */;
					ProjectRef = 9356BAFE1DEEBC1200E00E20 /* RCTCameraRoll.xcodeproj */;
				},
				{
					ProductGroup = 9356BB141DEEBC4900E00E20 /* Products */;
					ProjectRef = 9356BB131DEEBC4900E00E20 /* RCTGeolocation.xcodeproj */;
				},
				{
					ProductGroup = 9356BB0B1DEEBC3F00E00E20 /* Products */;
					ProjectRef = 9356BB0A1DEEBC3F00E00E20 /* RCTImage.xcodeproj */;
				},
				{
					ProductGroup = 9356BAF61DEEBC0800E00E20 /* Products */;
					ProjectRef = 9356BAF51DEEBC0800E00E20 /* RCTLinking.xcodeproj */;
				},
				{
					ProductGroup = 9356BAED1DEEBBFB00E00E20 /* Products */;
					ProjectRef = 9356BAEC1DEEBBFB00E00E20 /* RCTNetwork.xcodeproj */;
				},
				{
					ProductGroup = 9356BADB1DEEBBE500E00E20 /* Products */;
					ProjectRef = 9356BADA1DEEBBE500E00E20 /* RCTSettings.xcodeproj */;
				},
				{
					ProductGroup = 9356BAE41DEEBBF000E00E20 /* Products */;
					ProjectRef = 9356BAE31DEEBBF000E00E20 /* RCTText.xcodeproj */;
				},
				{
					ProductGroup = 9356BAD51DEEBBDA00E00E20 /* Products */;
					ProjectRef = 9356BAD41DEEBBDA00E00E20 /* RCTVibration.xcodeproj */;
				},
				{
					ProductGroup = 9356BACC1DEEBBC800E00E20 /* Products */;
					ProjectRef = 9356BACB1DEEBBC800E00E20 /* RCTWebSocket.xcodeproj */;
				},
				{
					ProductGroup = 932268B51DEEC0B10095E0B5 /* Products */;
					ProjectRef = 932268B41DEEC0B10095E0B5 /* React.xcodeproj */;
				},
			);
			projectRoot = "";
			targets = (
				13B07F861A680F5B00A75B9A /* antd-mobile */,
			);
		};
/* End PBXProject section */

/* Begin PBXReferenceProxy section */
		932268BA1DEEC0B10095E0B5 /* libReact.a */ = {
			isa = PBXReferenceProxy;
			fileType = archive.ar;
			path = libReact.a;
			remoteRef = 932268B91DEEC0B10095E0B5 /* PBXContainerItemProxy */;
			sourceTree = BUILT_PRODUCTS_DIR;
		};
		932268BC1DEEC0B10095E0B5 /* libReact.a */ = {
			isa = PBXReferenceProxy;
			fileType = archive.ar;
			path = libReact.a;
			remoteRef = 932268BB1DEEC0B10095E0B5 /* PBXContainerItemProxy */;
			sourceTree = BUILT_PRODUCTS_DIR;
		};
		932268C21DEEC0BC0095E0B5 /* libCodePush.a */ = {
			isa = PBXReferenceProxy;
			fileType = archive.ar;
			path = libCodePush.a;
			remoteRef = 932268C11DEEC0BC0095E0B5 /* PBXContainerItemProxy */;
			sourceTree = BUILT_PRODUCTS_DIR;
		};
		932268E61DEEC3470095E0B5 /* libRCTAnimation.a */ = {
			isa = PBXReferenceProxy;
			fileType = archive.ar;
			path = libRCTAnimation.a;
			remoteRef = 932268E51DEEC3470095E0B5 /* PBXContainerItemProxy */;
			sourceTree = BUILT_PRODUCTS_DIR;
		};
		932268E81DEEC3470095E0B5 /* libRCTAnimation-tvOS.a */ = {
			isa = PBXReferenceProxy;
			fileType = archive.ar;
			path = "libRCTAnimation-tvOS.a";
			remoteRef = 932268E71DEEC3470095E0B5 /* PBXContainerItemProxy */;
			sourceTree = BUILT_PRODUCTS_DIR;
		};
		9336DCE51EADE757002F61E4 /* libyoga.a */ = {
			isa = PBXReferenceProxy;
			fileType = archive.ar;
			path = libyoga.a;
			remoteRef = 9336DCE41EADE757002F61E4 /* PBXContainerItemProxy */;
			sourceTree = BUILT_PRODUCTS_DIR;
		};
		9336DCE71EADE757002F61E4 /* libyoga.a */ = {
			isa = PBXReferenceProxy;
			fileType = archive.ar;
			path = libyoga.a;
			remoteRef = 9336DCE61EADE757002F61E4 /* PBXContainerItemProxy */;
			sourceTree = BUILT_PRODUCTS_DIR;
		};
		9336DCE91EADE757002F61E4 /* libcxxreact.a */ = {
			isa = PBXReferenceProxy;
			fileType = archive.ar;
			path = libcxxreact.a;
			remoteRef = 9336DCE81EADE757002F61E4 /* PBXContainerItemProxy */;
			sourceTree = BUILT_PRODUCTS_DIR;
		};
		9336DCEB1EADE757002F61E4 /* libcxxreact.a */ = {
			isa = PBXReferenceProxy;
			fileType = archive.ar;
			path = libcxxreact.a;
			remoteRef = 9336DCEA1EADE757002F61E4 /* PBXContainerItemProxy */;
			sourceTree = BUILT_PRODUCTS_DIR;
		};
		9336DCED1EADE757002F61E4 /* libjschelpers.a */ = {
			isa = PBXReferenceProxy;
			fileType = archive.ar;
			path = libjschelpers.a;
			remoteRef = 9336DCEC1EADE757002F61E4 /* PBXContainerItemProxy */;
			sourceTree = BUILT_PRODUCTS_DIR;
		};
		9336DCEF1EADE757002F61E4 /* libjschelpers.a */ = {
			isa = PBXReferenceProxy;
			fileType = archive.ar;
			path = libjschelpers.a;
			remoteRef = 9336DCEE1EADE757002F61E4 /* PBXContainerItemProxy */;
			sourceTree = BUILT_PRODUCTS_DIR;
		};
		9356BAD11DEEBBC900E00E20 /* libRCTWebSocket.a */ = {
			isa = PBXReferenceProxy;
			fileType = archive.ar;
			path = libRCTWebSocket.a;
			remoteRef = 9356BAD01DEEBBC900E00E20 /* PBXContainerItemProxy */;
			sourceTree = BUILT_PRODUCTS_DIR;
		};
		9356BAD31DEEBBC900E00E20 /* libRCTWebSocket-tvOS.a */ = {
			isa = PBXReferenceProxy;
			fileType = archive.ar;
			path = "libRCTWebSocket-tvOS.a";
			remoteRef = 9356BAD21DEEBBC900E00E20 /* PBXContainerItemProxy */;
			sourceTree = BUILT_PRODUCTS_DIR;
		};
		9356BAD91DEEBBDA00E00E20 /* libRCTVibration.a */ = {
			isa = PBXReferenceProxy;
			fileType = archive.ar;
			path = libRCTVibration.a;
			remoteRef = 9356BAD81DEEBBDA00E00E20 /* PBXContainerItemProxy */;
			sourceTree = BUILT_PRODUCTS_DIR;
		};
		9356BAE01DEEBBE500E00E20 /* libRCTSettings.a */ = {
			isa = PBXReferenceProxy;
			fileType = archive.ar;
			path = libRCTSettings.a;
			remoteRef = 9356BADF1DEEBBE500E00E20 /* PBXContainerItemProxy */;
			sourceTree = BUILT_PRODUCTS_DIR;
		};
		9356BAE21DEEBBE500E00E20 /* libRCTSettings-tvOS.a */ = {
			isa = PBXReferenceProxy;
			fileType = archive.ar;
			path = "libRCTSettings-tvOS.a";
			remoteRef = 9356BAE11DEEBBE500E00E20 /* PBXContainerItemProxy */;
			sourceTree = BUILT_PRODUCTS_DIR;
		};
		9356BAE91DEEBBF000E00E20 /* libRCTText.a */ = {
			isa = PBXReferenceProxy;
			fileType = archive.ar;
			path = libRCTText.a;
			remoteRef = 9356BAE81DEEBBF000E00E20 /* PBXContainerItemProxy */;
			sourceTree = BUILT_PRODUCTS_DIR;
		};
		9356BAEB1DEEBBF000E00E20 /* libRCTText-tvOS.a */ = {
			isa = PBXReferenceProxy;
			fileType = archive.ar;
			path = "libRCTText-tvOS.a";
			remoteRef = 9356BAEA1DEEBBF000E00E20 /* PBXContainerItemProxy */;
			sourceTree = BUILT_PRODUCTS_DIR;
		};
		9356BAF21DEEBBFB00E00E20 /* libRCTNetwork.a */ = {
			isa = PBXReferenceProxy;
			fileType = archive.ar;
			path = libRCTNetwork.a;
			remoteRef = 9356BAF11DEEBBFB00E00E20 /* PBXContainerItemProxy */;
			sourceTree = BUILT_PRODUCTS_DIR;
		};
		9356BAF41DEEBBFB00E00E20 /* libRCTNetwork-tvOS.a */ = {
			isa = PBXReferenceProxy;
			fileType = archive.ar;
			path = "libRCTNetwork-tvOS.a";
			remoteRef = 9356BAF31DEEBBFB00E00E20 /* PBXContainerItemProxy */;
			sourceTree = BUILT_PRODUCTS_DIR;
		};
		9356BAFB1DEEBC0800E00E20 /* libRCTLinking.a */ = {
			isa = PBXReferenceProxy;
			fileType = archive.ar;
			path = libRCTLinking.a;
			remoteRef = 9356BAFA1DEEBC0800E00E20 /* PBXContainerItemProxy */;
			sourceTree = BUILT_PRODUCTS_DIR;
		};
		9356BAFD1DEEBC0800E00E20 /* libRCTLinking-tvOS.a */ = {
			isa = PBXReferenceProxy;
			fileType = archive.ar;
			path = "libRCTLinking-tvOS.a";
			remoteRef = 9356BAFC1DEEBC0800E00E20 /* PBXContainerItemProxy */;
			sourceTree = BUILT_PRODUCTS_DIR;
		};
		9356BB031DEEBC1200E00E20 /* libRCTCameraRoll.a */ = {
			isa = PBXReferenceProxy;
			fileType = archive.ar;
			path = libRCTCameraRoll.a;
			remoteRef = 9356BB021DEEBC1200E00E20 /* PBXContainerItemProxy */;
			sourceTree = BUILT_PRODUCTS_DIR;
		};
		9356BB091DEEBC1C00E00E20 /* libRCTActionSheet.a */ = {
			isa = PBXReferenceProxy;
			fileType = archive.ar;
			path = libRCTActionSheet.a;
			remoteRef = 9356BB081DEEBC1C00E00E20 /* PBXContainerItemProxy */;
			sourceTree = BUILT_PRODUCTS_DIR;
		};
		9356BB101DEEBC3F00E00E20 /* libRCTImage.a */ = {
			isa = PBXReferenceProxy;
			fileType = archive.ar;
			path = libRCTImage.a;
			remoteRef = 9356BB0F1DEEBC3F00E00E20 /* PBXContainerItemProxy */;
			sourceTree = BUILT_PRODUCTS_DIR;
		};
		9356BB121DEEBC3F00E00E20 /* libRCTImage-tvOS.a */ = {
			isa = PBXReferenceProxy;
			fileType = archive.ar;
			path = "libRCTImage-tvOS.a";
			remoteRef = 9356BB111DEEBC3F00E00E20 /* PBXContainerItemProxy */;
			sourceTree = BUILT_PRODUCTS_DIR;
		};
		9356BB181DEEBC4900E00E20 /* libRCTGeolocation.a */ = {
			isa = PBXReferenceProxy;
			fileType = archive.ar;
			path = libRCTGeolocation.a;
			remoteRef = 9356BB171DEEBC4900E00E20 /* PBXContainerItemProxy */;
			sourceTree = BUILT_PRODUCTS_DIR;
		};
/* End PBXReferenceProxy section */

/* Begin PBXResourcesBuildPhase section */
		13B07F8E1A680F5B00A75B9A /* Resources */ = {
			isa = PBXResourcesBuildPhase;
			buildActionMask = 2147483647;
			files = (
				13B07FBF1A68108700A75B9A /* Images.xcassets in Resources */,
				13B07FBD1A68108700A75B9A /* LaunchScreen.xib in Resources */,
				93A3E9DF1E559595008622D3 /* iconfont.ttf in Resources */,
			);
			runOnlyForDeploymentPostprocessing = 0;
		};
/* End PBXResourcesBuildPhase section */

/* Begin PBXSourcesBuildPhase section */
		13B07F871A680F5B00A75B9A /* Sources */ = {
			isa = PBXSourcesBuildPhase;
			buildActionMask = 2147483647;
			files = (
				13B07FBC1A68108700A75B9A /* AppDelegate.m in Sources */,
				9356BB5C1DEEBD6500E00E20 /* ScanViewController.m in Sources */,
				13B07FC11A68108700A75B9A /* main.m in Sources */,
				9356BB551DEEBD5E00E00E20 /* RNAppInfo.m in Sources */,
				9356BB5B1DEEBD6500E00E20 /* ResultViewController.m in Sources */,
				932268C51DEEC0FC0095E0B5 /* HomeViewController.m in Sources */,
			);
			runOnlyForDeploymentPostprocessing = 0;
		};
/* End PBXSourcesBuildPhase section */

/* Begin PBXVariantGroup section */
		13B07FB11A68108700A75B9A /* LaunchScreen.xib */ = {
			isa = PBXVariantGroup;
			children = (
				13B07FB21A68108700A75B9A /* Base */,
			);
			name = LaunchScreen.xib;
			path = "antd-mobile";
			sourceTree = "<group>";
		};
/* End PBXVariantGroup section */

/* Begin XCBuildConfiguration section */
		13B07F941A680F5B00A75B9A /* Debug */ = {
			isa = XCBuildConfiguration;
			buildSettings = {
				ASSETCATALOG_COMPILER_APPICON_NAME = AppIcon;
				CURRENT_PROJECT_VERSION = 1;
				DEAD_CODE_STRIPPING = NO;
				DEVELOPMENT_TEAM = FZ332UUAVD;
				HEADER_SEARCH_PATHS = (
					"$(inherited)",
					/Applications/Xcode.app/Contents/Developer/Toolchains/XcodeDefault.xctoolchain/usr/include,
					"$(SRCROOT)/../node_modules/react-native/React/**",
					"$(SRCROOT)/../../node_modules/react-native/React/**",
					"$(SRCROOT)/../../node_modules/react-native-code-push/**",
				);
				INFOPLIST_FILE = "antd-mobile/Info.plist";
				LD_RUNPATH_SEARCH_PATHS = "$(inherited) @executable_path/Frameworks";
				OTHER_LDFLAGS = (
					"$(inherited)",
					"-ObjC",
					"-lc++",
				);
				PRODUCT_BUNDLE_IDENTIFIER = com.mybank.ios.RNPlayground;
				PRODUCT_NAME = "antd-mobile";
				VERSIONING_SYSTEM = "apple-generic";
			};
			name = Debug;
		};
		13B07F951A680F5B00A75B9A /* Release */ = {
			isa = XCBuildConfiguration;
			buildSettings = {
				ASSETCATALOG_COMPILER_APPICON_NAME = AppIcon;
				CURRENT_PROJECT_VERSION = 1;
				DEVELOPMENT_TEAM = FZ332UUAVD;
				HEADER_SEARCH_PATHS = (
					"$(inherited)",
					/Applications/Xcode.app/Contents/Developer/Toolchains/XcodeDefault.xctoolchain/usr/include,
					"$(SRCROOT)/../node_modules/react-native/React/**",
					"$(SRCROOT)/../../node_modules/react-native/React/**",
					"$(SRCROOT)/../../node_modules/react-native-code-push/**",
				);
				INFOPLIST_FILE = "antd-mobile/Info.plist";
				LD_RUNPATH_SEARCH_PATHS = "$(inherited) @executable_path/Frameworks";
				OTHER_LDFLAGS = (
					"$(inherited)",
					"-ObjC",
					"-lc++",
				);
				PRODUCT_BUNDLE_IDENTIFIER = com.mybank.ios.RNPlayground;
				PRODUCT_NAME = "antd-mobile";
				VERSIONING_SYSTEM = "apple-generic";
			};
			name = Release;
		};
		83CBBA201A601CBA00E9B192 /* Debug */ = {
			isa = XCBuildConfiguration;
			buildSettings = {
				ALWAYS_SEARCH_USER_PATHS = NO;
				CLANG_CXX_LANGUAGE_STANDARD = "gnu++0x";
				CLANG_CXX_LIBRARY = "libc++";
				CLANG_ENABLE_MODULES = YES;
				CLANG_ENABLE_OBJC_ARC = YES;
				CLANG_WARN_BOOL_CONVERSION = YES;
				CLANG_WARN_CONSTANT_CONVERSION = YES;
				CLANG_WARN_DIRECT_OBJC_ISA_USAGE = YES_ERROR;
				CLANG_WARN_EMPTY_BODY = YES;
				CLANG_WARN_ENUM_CONVERSION = YES;
				CLANG_WARN_INT_CONVERSION = YES;
				CLANG_WARN_OBJC_ROOT_CLASS = YES_ERROR;
				CLANG_WARN_UNREACHABLE_CODE = YES;
				CLANG_WARN__DUPLICATE_METHOD_MATCH = YES;
				"CODE_SIGN_IDENTITY[sdk=iphoneos*]" = "iPhone Developer";
				COPY_PHASE_STRIP = NO;
				ENABLE_STRICT_OBJC_MSGSEND = YES;
				GCC_C_LANGUAGE_STANDARD = gnu99;
				GCC_DYNAMIC_NO_PIC = NO;
				GCC_OPTIMIZATION_LEVEL = 0;
				GCC_PREPROCESSOR_DEFINITIONS = (
					"DEBUG=1",
					"$(inherited)",
				);
				GCC_SYMBOLS_PRIVATE_EXTERN = NO;
				GCC_WARN_64_TO_32_BIT_CONVERSION = YES;
				GCC_WARN_ABOUT_RETURN_TYPE = YES_ERROR;
				GCC_WARN_UNDECLARED_SELECTOR = YES;
				GCC_WARN_UNINITIALIZED_AUTOS = YES_AGGRESSIVE;
				GCC_WARN_UNUSED_FUNCTION = YES;
				GCC_WARN_UNUSED_VARIABLE = YES;
				HEADER_SEARCH_PATHS = "$(inherited)";
				IPHONEOS_DEPLOYMENT_TARGET = 8.0;
				MTL_ENABLE_DEBUG_INFO = YES;
				ONLY_ACTIVE_ARCH = YES;
				SDKROOT = iphoneos;
			};
			name = Debug;
		};
		83CBBA211A601CBA00E9B192 /* Release */ = {
			isa = XCBuildConfiguration;
			buildSettings = {
				ALWAYS_SEARCH_USER_PATHS = NO;
				CLANG_CXX_LANGUAGE_STANDARD = "gnu++0x";
				CLANG_CXX_LIBRARY = "libc++";
				CLANG_ENABLE_MODULES = YES;
				CLANG_ENABLE_OBJC_ARC = YES;
				CLANG_WARN_BOOL_CONVERSION = YES;
				CLANG_WARN_CONSTANT_CONVERSION = YES;
				CLANG_WARN_DIRECT_OBJC_ISA_USAGE = YES_ERROR;
				CLANG_WARN_EMPTY_BODY = YES;
				CLANG_WARN_ENUM_CONVERSION = YES;
				CLANG_WARN_INT_CONVERSION = YES;
				CLANG_WARN_OBJC_ROOT_CLASS = YES_ERROR;
				CLANG_WARN_UNREACHABLE_CODE = YES;
				CLANG_WARN__DUPLICATE_METHOD_MATCH = YES;
				"CODE_SIGN_IDENTITY[sdk=iphoneos*]" = "iPhone Developer";
				COPY_PHASE_STRIP = YES;
				ENABLE_NS_ASSERTIONS = NO;
				ENABLE_STRICT_OBJC_MSGSEND = YES;
				GCC_C_LANGUAGE_STANDARD = gnu99;
				GCC_WARN_64_TO_32_BIT_CONVERSION = YES;
				GCC_WARN_ABOUT_RETURN_TYPE = YES_ERROR;
				GCC_WARN_UNDECLARED_SELECTOR = YES;
				GCC_WARN_UNINITIALIZED_AUTOS = YES_AGGRESSIVE;
				GCC_WARN_UNUSED_FUNCTION = YES;
				GCC_WARN_UNUSED_VARIABLE = YES;
				HEADER_SEARCH_PATHS = "$(inherited)";
				IPHONEOS_DEPLOYMENT_TARGET = 8.0;
				MTL_ENABLE_DEBUG_INFO = NO;
				SDKROOT = iphoneos;
				VALIDATE_PRODUCT = YES;
			};
			name = Release;
		};
/* End XCBuildConfiguration section */

/* Begin XCConfigurationList section */
		13B07F931A680F5B00A75B9A /* Build configuration list for PBXNativeTarget "antd-mobile" */ = {
			isa = XCConfigurationList;
			buildConfigurations = (
				13B07F941A680F5B00A75B9A /* Debug */,
				13B07F951A680F5B00A75B9A /* Release */,
			);
			defaultConfigurationIsVisible = 0;
			defaultConfigurationName = Release;
		};
		83CBB9FA1A601CBA00E9B192 /* Build configuration list for PBXProject "antd-mobile" */ = {
			isa = XCConfigurationList;
			buildConfigurations = (
				83CBBA201A601CBA00E9B192 /* Debug */,
				83CBBA211A601CBA00E9B192 /* Release */,
			);
			defaultConfigurationIsVisible = 0;
			defaultConfigurationName = Release;
		};
/* End XCConfigurationList section */
	};
	rootObject = 83CBB9F71A601CBA00E9B192 /* Project object */;
}
